
Microsoft Visual Studio Solution File, Format Version 12.00
# Visual Studio Version 17
VisualStudioVersion = 17.0.31903.59
MinimumVisualStudioVersion = 10.0.40219.1
Project("{FAE04EC0-301F-11D3-BF4B-00C04F79EFBC}") = "API", "API\API.csproj", "{FBFD010D-DCD1-4BD0-9A85-6C77134842A4}"
EndProject
Project("{FAE04EC0-301F-11D3-BF4B-00C04F79EFBC}") = "Core", "Core\Core.csproj", "{524E029F-CDE6-4228-9098-EB5434C639A5}"
EndProject
Project("{FAE04EC0-301F-11D3-BF4B-00C04F79EFBC}") = "Infrastructure", "Infrastructure\Infrastructure.csproj", "{DA750CA7-23EC-4C45-8BAA-F32C3AA1C26E}"
EndProject
Global
	GlobalSection(SolutionConfigurationPlatforms) = preSolution
		Debug|Any CPU = Debug|Any CPU
		Release|Any CPU = Release|Any CPU
	EndGlobalSection
	GlobalSection(SolutionProperties) = preSolution
		HideSolutionNode = FALSE
	EndGlobalSection
	GlobalSection(ProjectConfigurationPlatforms) = postSolution
		{FBFD010D-DCD1-4BD0-9A85-6C77134842A4}.Debug|Any CPU.ActiveCfg = Debug|Any CPU
		{FBFD010D-DCD1-4BD0-9A85-6C77134842A4}.Debug|Any CPU.Build.0 = Debug|Any CPU
		{FBFD010D-DCD1-4BD0-9A85-6C77134842A4}.Release|Any CPU.ActiveCfg = Release|Any CPU
		{FBFD010D-DCD1-4BD0-9A85-6C77134842A4}.Release|Any CPU.Build.0 = Release|Any CPU
		{524E029F-CDE6-4228-9098-EB5434C639A5}.Debug|Any CPU.ActiveCfg = Debug|Any CPU
		{524E029F-CDE6-4228-9098-EB5434C639A5}.Debug|Any CPU.Build.0 = Debug|Any CPU
		{524E029F-CDE6-4228-9098-EB5434C639A5}.Release|Any CPU.ActiveCfg = Release|Any CPU
		{524E029F-CDE6-4228-9098-EB5434C639A5}.Release|Any CPU.Build.0 = Release|Any CPU
		{DA750CA7-23EC-4C45-8BAA-F32C3AA1C26E}.Debug|Any CPU.ActiveCfg = Debug|Any CPU
		{DA750CA7-23EC-4C45-8BAA-F32C3AA1C26E}.Debug|Any CPU.Build.0 = Debug|Any CPU
		{DA750CA7-23EC-4C45-8BAA-F32C3AA1C26E}.Release|Any CPU.ActiveCfg = Release|Any CPU
		{DA750CA7-23EC-4C45-8BAA-F32C3AA1C26E}.Release|Any CPU.Build.0 = Release|Any CPU
	EndGlobalSection
EndGlobal
